// !$*UTF8*$!
{
	archiveVersion = 1;
	classes = {
	};
	objectVersion = 48;
	objects = {

/* Begin PBXBuildFile section */
		34785D2F1FEF5F6F008F7DE8 /* AppDelegate.swift in Sources */ = {isa = PBXBuildFile; fileRef = 34785D2E1FEF5F6F008F7DE8 /* AppDelegate.swift */; };
		34785D311FEF5F6F008F7DE8 /* ViewController.swift in Sources */ = {isa = PBXBuildFile; fileRef = 34785D301FEF5F6F008F7DE8 /* ViewController.swift */; };
		34785D331FEF5F6F008F7DE8 /* Assets.xcassets in Resources */ = {isa = PBXBuildFile; fileRef = 34785D321FEF5F6F008F7DE8 /* Assets.xcassets */; };
		34785D361FEF5F6F008F7DE8 /* Main.storyboard in Resources */ = {isa = PBXBuildFile; fileRef = 34785D341FEF5F6F008F7DE8 /* Main.storyboard */; };
/* End PBXBuildFile section */

/* Begin PBXFileReference section */
		34785D2B1FEF5F6F008F7DE8 /* MMPreferencesWindowExample.app */ = {isa = PBXFileReference; explicitFileType = wrapper.application; includeInIndex = 0; path = MMPreferencesWindowExample.app; sourceTree = BUILT_PRODUCTS_DIR; };
		34785D2E1FEF5F6F008F7DE8 /* AppDelegate.swift */ = {isa = PBXFileReference; lastKnownFileType = sourcecode.swift; path = AppDelegate.swift; sourceTree = "<group>"; };
		34785D301FEF5F6F008F7DE8 /* ViewController.swift */ = {isa = PBXFileReference; lastKnownFileType = sourcecode.swift; path = ViewController.swift; sourceTree = "<group>"; };
		34785D321FEF5F6F008F7DE8 /* Assets.xcassets */ = {isa = PBXFileReference; lastKnownFileType = folder.assetcatalog; path = Assets.xcassets; sourceTree = "<group>"; };
		34785D351FEF5F6F008F7DE8 /* Base */ = {isa = PBXFileReference; lastKnownFileType = file.storyboard; name = Base; path = Base.lproj/Main.storyboard; sourceTree = "<group>"; };
		34785D371FEF5F6F008F7DE8 /* Info.plist */ = {isa = PBXFileReference; lastKnownFileType = text.plist.xml; path = Info.plist; sourceTree = "<group>"; };
		34785D381FEF5F6F008F7DE8 /* MMPreferencesWindowExample.entitlements */ = {isa = PBXFileReference; lastKnownFileType = text.plist.entitlements; path = MMPreferencesWindowExample.entitlements; sourceTree = "<group>"; };
/* End PBXFileReference section */

/* Begin PBXFrameworksBuildPhase section */
		34785D281FEF5F6F008F7DE8 /* Frameworks */ = {
			isa = PBXFrameworksBuildPhase;
			buildActionMask = 2147483647;
			files = (
			);
			runOnlyForDeploymentPostprocessing = 0;
		};
/* End PBXFrameworksBuildPhase section */

/* Begin PBXGroup section */
		34785D221FEF5F6F008F7DE8 = {
			isa = PBXGroup;
			children = (
				34785D2D1FEF5F6F008F7DE8 /* MMPreferencesWindowExample */,
				34785D2C1FEF5F6F008F7DE8 /* Products */,
			);
			sourceTree = "<group>";
		};
		34785D2C1FEF5F6F008F7DE8 /* Products */ = {
			isa = PBXGroup;
			children = (
				34785D2B1FEF5F6F008F7DE8 /* MMPreferencesWindowExample.app */,
			);
			name = Products;
			sourceTree = "<group>";
		};
		34785D2D1FEF5F6F008F7DE8 /* MMPreferencesWindowExample */ = {
			isa = PBXGroup;
			children = (
				34785D2E1FEF5F6F008F7DE8 /* AppDelegate.swift */,
				34785D301FEF5F6F008F7DE8 /* ViewController.swift */,
				34785D321FEF5F6F008F7DE8 /* Assets.xcassets */,
				34785D341FEF5F6F008F7DE8 /* Main.storyboard */,
				34785D371FEF5F6F008F7DE8 /* Info.plist */,
				34785D381FEF5F6F008F7DE8 /* MMPreferencesWindowExample.entitlements */,
			);
			path = MMPreferencesWindowExample;
			sourceTree = "<group>";
		};
/* End PBXGroup section */

/* Begin PBXNativeTarget section */
		34785D2A1FEF5F6F008F7DE8 /* MMPreferencesWindowExample */ = {
			isa = PBXNativeTarget;
			buildConfigurationList = 34785D3B1FEF5F6F008F7DE8 /* Build configuration list for PBXNativeTarget "MMPreferencesWindowExample" */;
			buildPhases = (
				34785D271FEF5F6F008F7DE8 /* Sources */,
				34785D281FEF5F6F008F7DE8 /* Frameworks */,
				34785D291FEF5F6F008F7DE8 /* Resources */,
			);
			buildRules = (
			);
			dependencies = (
			);
			name = MMPreferencesWindowExample;
			productName = MMPreferencesWindowExample;
			productReference = 34785D2B1FEF5F6F008F7DE8 /* MMPreferencesWindowExample.app */;
			productType = "com.apple.product-type.application";
		};
/* End PBXNativeTarget section */

/* Begin PBXProject section */
		34785D231FEF5F6F008F7DE8 /* Project object */ = {
			isa = PBXProject;
			attributes = {
				LastSwiftUpdateCheck = 0920;
				LastUpgradeCheck = 0920;
				ORGANIZATIONNAME = "Matthew Merritt";
				TargetAttributes = {
					34785D2A1FEF5F6F008F7DE8 = {
						CreatedOnToolsVersion = 9.2;
						ProvisioningStyle = Automatic;
					};
				};
			};
			buildConfigurationList = 34785D261FEF5F6F008F7DE8 /* Build configuration list for PBXProject "MMPreferencesWindowExample" */;
			compatibilityVersion = "Xcode 8.0";
			developmentRegion = en;
			hasScannedForEncodings = 0;
			knownRegions = (
				en,
				Base,
			);
			mainGroup = 34785D221FEF5F6F008F7DE8;
			productRefGroup = 34785D2C1FEF5F6F008F7DE8 /* Products */;
			projectDirPath = "";
			projectRoot = "";
			targets = (
				34785D2A1FEF5F6F008F7DE8 /* MMPreferencesWindowExample */,
			);
		};
/* End PBXProject section */

/* Begin PBXResourcesBuildPhase section */
		34785D291FEF5F6F008F7DE8 /* Resources */ = {
			isa = PBXResourcesBuildPhase;
			buildActionMask = 2147483647;
			files = (
				34785D331FEF5F6F008F7DE8 /* Assets.xcassets in Resources */,
				34785D361FEF5F6F008F7DE8 /* Main.storyboard in Resources */,
			);
			runOnlyForDeploymentPostprocessing = 0;
		};
/* End PBXResourcesBuildPhase section */

/* Begin PBXSourcesBuildPhase section */
		34785D271FEF5F6F008F7DE8 /* Sources */ = {
			isa = PBXSourcesBuildPhase;
			buildActionMask = 2147483647;
			files = (
				34785D311FEF5F6F008F7DE8 /* ViewController.swift in Sources */,
				34785D2F1FEF5F6F008F7DE8 /* AppDelegate.swift in Sources */,
			);
			runOnlyForDeploymentPostprocessing = 0;
		};
/* End PBXSourcesBuildPhase section */

/* Begin PBXVariantGroup section */
		34785D341FEF5F6F008F7DE8 /* Main.storyboard */ = {
			isa = PBXVariantGroup;
			children = (
				34785D351FEF5F6F008F7DE8 /* Base */,
			);
			name = Main.storyboard;
			sourceTree = "<group>";
		};
/* End PBXVariantGroup section */

/* Begin XCBuildConfiguration section */
		34785D391FEF5F6F008F7DE8 /* Debug */ = {
			isa = XCBuildConfiguration;
			buildSettings = {
				ALWAYS_SEARCH_USER_PATHS = NO;
				CLANG_ANALYZER_NONNULL = YES;
				CLANG_ANALYZER_NUMBER_OBJECT_CONVERSION = YES_AGGRESSIVE;
				CLANG_CXX_LANGUAGE_STANDARD = "gnu++14";
				CLANG_CXX_LIBRARY = "libc++";
				CLANG_ENABLE_MODULES = YES;
				CLANG_ENABLE_OBJC_ARC = YES;
				CLANG_WARN_BLOCK_CAPTURE_AUTORELEASING = YES;
				CLANG_WARN_BOOL_CONVERSION = YES;
				CLANG_WARN_COMMA = YES;
				CLANG_WARN_CONSTANT_CONVERSION = YES;
				CLANG_WARN_DIRECT_OBJC_ISA_USAGE = YES_ERROR;
				CLANG_WARN_DOCUMENTATION_COMMENTS = YES;
				CLANG_WARN_EMPTY_BODY = YES;
				CLANG_WARN_ENUM_CONVERSION = YES;
				CLANG_WARN_INFINITE_RECURSION = YES;
				CLANG_WARN_INT_CONVERSION = YES;
				CLANG_WARN_NON_LITERAL_NULL_CONVERSION = YES;
				CLANG_WARN_OBJC_LITERAL_CONVERSION = YES;
				CLANG_WARN_OBJC_ROOT_CLASS = YES_ERROR;
				CLANG_WARN_RANGE_LOOP_ANALYSIS = YES;
				CLANG_WARN_STRICT_PROTOTYPES = YES;
				CLANG_WARN_SUSPICIOUS_MOVE = YES;
				CLANG_WARN_UNGUARDED_AVAILABILITY = YES_AGGRESSIVE;
				CLANG_WARN_UNREACHABLE_CODE = YES;
				CLANG_WARN__DUPLICATE_METHOD_MATCH = YES;
				CODE_SIGN_IDENTITY = "Mac Developer";
				COPY_PHASE_STRIP = NO;
				DEBUG_INFORMATION_FORMAT = dwarf;
				ENABLE_STRICT_OBJC_MSGSEND = YES;
				ENABLE_TESTABILITY = YES;
				GCC_C_LANGUAGE_STANDARD = gnu11;
				GCC_DYNAMIC_NO_PIC = NO;
				GCC_NO_COMMON_BLOCKS = YES;
				GCC_OPTIMIZATION_LEVEL = 0;
				GCC_PREPROCESSOR_DEFINITIONS = (
					"DEBUG=1",
					"$(inherited)",
				);
				GCC_WARN_64_TO_32_BIT_CONVERSION = YES;
				GCC_WARN_ABOUT_RETURN_TYPE = YES_ERROR;
				GCC_WARN_UNDECLARED_SELECTOR = YES;
				GCC_WARN_UNINITIALIZED_AUTOS = YES_AGGRESSIVE;
				GCC_WARN_UNUSED_FUNCTION = YES;
				GCC_WARN_UNUSED_VARIABLE = YES;
				MACOSX_DEPLOYMENT_TARGET = 10.13;
				MTL_ENABLE_DEBUG_INFO = YES;
				ONLY_ACTIVE_ARCH = YES;
				SDKROOT = macosx;
				SWIFT_ACTIVE_COMPILATION_CONDITIONS = DEBUG;
				SWIFT_OPTIMIZATION_LEVEL = "-Onone";
			};
			name = Debug;
		};
		34785D3A1FEF5F6F008F7DE8 /* Release */ = {
			isa = XCBuildConfiguration;
			buildSettings = {
				ALWAYS_SEARCH_USER_PATHS = NO;
				CLANG_ANALYZER_NONNULL = YES;
				CLANG_ANALYZER_NUMBER_OBJECT_CONVERSION = YES_AGGRESSIVE;
				CLANG_CXX_LANGUAGE_STANDARD = "gnu++14";
				CLANG_CXX_LIBRARY = "libc++";
				CLANG_ENABLE_MODULES = YES;
				CLANG_ENABLE_OBJC_ARC = YES;
				CLANG_WARN_BLOCK_CAPTURE_AUTORELEASING = YES;
				CLANG_WARN_BOOL_CONVERSION = YES;
				CLANG_WARN_COMMA = YES;
				CLANG_WARN_CONSTANT_CONVERSION = YES;
				CLANG_WARN_DIRECT_OBJC_ISA_USAGE = YES_ERROR;
				CLANG_WARN_DOCUMENTATION_COMMENTS = YES;
				CLANG_WARN_EMPTY_BODY = YES;
				CLANG_WARN_ENUM_CONVERSION = YES;
				CLANG_WARN_INFINITE_RECURSION = YES;
				CLANG_WARN_INT_CONVERSION = YES;
				CLANG_WARN_NON_LITERAL_NULL_CONVERSION = YES;
				CLANG_WARN_OBJC_LITERAL_CONVERSION = YES;
				CLANG_WARN_OBJC_ROOT_CLASS = YES_ERROR;
				CLANG_WARN_RANGE_LOOP_ANALYSIS = YES;
				CLANG_WARN_STRICT_PROTOTYPES = YES;
				CLANG_WARN_SUSPICIOUS_MOVE = YES;
				CLANG_WARN_UNGUARDED_AVAILABILITY = YES_AGGRESSIVE;
				CLANG_WARN_UNREACHABLE_CODE = YES;
				CLANG_WARN__DUPLICATE_METHOD_MATCH = YES;
				CODE_SIGN_IDENTITY = "Mac Developer";
				COPY_PHASE_STRIP = NO;
				DEBUG_INFORMATION_FORMAT = "dwarf-with-dsym";
				ENABLE_NS_ASSERTIONS = NO;
				ENABLE_STRICT_OBJC_MSGSEND = YES;
				GCC_C_LANGUAGE_STANDARD = gnu11;
				GCC_NO_COMMON_BLOCKS = YES;
				GCC_WARN_64_TO_32_BIT_CONVERSION = YES;
				GCC_WARN_ABOUT_RETURN_TYPE = YES_ERROR;
				GCC_WARN_UNDECLARED_SELECTOR = YES;
				GCC_WARN_UNINITIALIZED_AUTOS = YES_AGGRESSIVE;
				GCC_WARN_UNUSED_FUNCTION = YES;
				GCC_WARN_UNUSED_VARIABLE = YES;
				MACOSX_DEPLOYMENT_TARGET = 10.13;
				MTL_ENABLE_DEBUG_INFO = NO;
				SDKROOT = macosx;
				SWIFT_OPTIMIZATION_LEVEL = "-Owholemodule";
			};
			name = Release;
		};
		34785D3C1FEF5F6F008F7DE8 /* Debug */ = {
			isa = XCBuildConfiguration;
			buildSettings = {
				ASSETCATALOG_COMPILER_APPICON_NAME = AppIcon;
				CODE_SIGN_ENTITLEMENTS = MMPreferencesWindowExample/MMPreferencesWindowExample.entitlements;
				CODE_SIGN_STYLE = Automatic;
				COMBINE_HIDPI_IMAGES = YES;
				DEVELOPMENT_TEAM = 2HC2T3EY4F;
				INFOPLIST_FILE = MMPreferencesWindowExample/Info.plist;
				LD_RUNPATH_SEARCH_PATHS = "$(inherited) @executable_path/../Frameworks";
				PRODUCT_BUNDLE_IDENTIFIER = MerrittWare.MMPreferencesWindowExample;
				PRODUCT_NAME = "$(TARGET_NAME)";
				SWIFT_VERSION = 4.0;
			};
			name = Debug;
		};
		34785D3D1FEF5F6F008F7DE8 /* Release */ = {
			isa = XCBuildConfiguration;
			buildSettings = {
				ASSETCATALOG_COMPILER_APPICON_NAME = AppIcon;
				CODE_SIGN_ENTITLEMENTS = MMPreferencesWindowExample/MMPreferencesWindowExample.entitlements;
				CODE_SIGN_STYLE = Automatic;
				COMBINE_HIDPI_IMAGES = YES;
				DEVELOPMENT_TEAM = 2HC2T3EY4F;
				INFOPLIST_FILE = MMPreferencesWindowExample/Info.plist;
				LD_RUNPATH_SEARCH_PATHS = "$(inherited) @executable_path/../Frameworks";
				PRODUCT_BUNDLE_IDENTIFIER = MerrittWare.MMPreferencesWindowExample;
				PRODUCT_NAME = "$(TARGET_NAME)";
				SWIFT_VERSION = 4.0;
			};
			name = Release;
		};
/* End XCBuildConfiguration section */

/* Begin XCConfigurationList section */
		34785D261FEF5F6F008F7DE8 /* Build configuration list for PBXProject "MMPreferencesWindowExample" */ = {
			isa = XCConfigurationList;
			buildConfigurations = (
				34785D391FEF5F6F008F7DE8 /* Debug */,
				34785D3A1FEF5F6F008F7DE8 /* Release */,
			);
			defaultConfigurationIsVisible = 0;
			defaultConfigurationName = Release;
		};
		34785D3B1FEF5F6F008F7DE8 /* Build configuration list for PBXNativeTarget "MMPreferencesWindowExample" */ = {
			isa = XCConfigurationList;
			buildConfigurations = (
				34785D3C1FEF5F6F008F7DE8 /* Debug */,
				34785D3D1FEF5F6F008F7DE8 /* Release */,
			);
			defaultConfigurationIsVisible = 0;
			defaultConfigurationName = Release;
		};
/* End XCConfigurationList section */
	};
	rootObject = 34785D231FEF5F6F008F7DE8 /* Project object */;
}
